
Microsoft Visual Studio Solution File, Format Version 12.00
# Visual Studio Version 17
VisualStudioVersion = 17.4.33213.308
MinimumVisualStudioVersion = 10.0.40219.1
Project("{8BC9CEB8-8B4A-11D0-8D11-00A0C91BC942}") = "DaiFuRush_Hack", "DaiFuRush_Hack\DaiFuRush_Hack.vcxproj", "{FF367B72-4DF6-493A-AF14-57A043454D18}"
EndProject
Global
	GlobalSection(SolutionConfigurationPlatforms) = preSolution
		Debug|x64 = Debug|x64
		Debug|x86 = Debug|x86
		Release|x64 = Release|x64
		Release|x86 = Release|x86
	EndGlobalSection
	GlobalSection(ProjectConfigurationPlatforms) = postSolution
		{FF367B72-4DF6-493A-AF14-57A043454D18}.Debug|x64.ActiveCfg = Debug|x64
		{FF367B72-4DF6-493A-AF14-57A043454D18}.Debug|x64.Build.0 = Debug|x64
		{FF367B72-4DF6-493A-AF14-57A043454D18}.Debug|x86.ActiveCfg = Debug|Win32
		{FF367B72-4DF6-493A-AF14-57A043454D18}.Debug|x86.Build.0 = Debug|Win32
		{FF367B72-4DF6-493A-AF14-57A043454D18}.Release|x64.ActiveCfg = Release|x64
		{FF367B72-4DF6-493A-AF14-57A043454D18}.Release|x64.Build.0 = Release|x64
		{FF367B72-4DF6-493A-AF14-57A043454D18}.Release|x86.ActiveCfg = Release|Win32
		{FF367B72-4DF6-493A-AF14-57A043454D18}.Release|x86.Build.0 = Release|Win32
	EndGlobalSection
	GlobalSection(SolutionProperties) = preSolution
		HideSolutionNode = FALSE
	EndGlobalSection
	GlobalSection(ExtensibilityGlobals) = postSolution
		SolutionGuid = {0FA39E8D-75FE-4A03-B0A6-730A4E550DDA}
	EndGlobalSection
EndGlobal
